
Microsoft Visual Studio Solution File, Format Version 12.00
# Visual Studio 15
VisualStudioVersion = 15.0.28307.572
MinimumVisualStudioVersion = 10.0.40219.1
Project("{FAE04EC0-301F-11D3-BF4B-00C04F79EFBC}") = "WebAPI_CRUD", "WebAPI_CRUD\WebAPI_CRUD.csproj", "{3FEA1046-6CD2-4BEF-B84A-BBA0FDA72445}"
EndProject
Global
	GlobalSection(SolutionConfigurationPlatforms) = preSolution
		Debug|Any CPU = Debug|Any CPU
		Release|Any CPU = Release|Any CPU
	EndGlobalSection
	GlobalSection(ProjectConfigurationPlatforms) = postSolution
		{3FEA1046-6CD2-4BEF-B84A-BBA0FDA72445}.Debug|Any CPU.ActiveCfg = Debug|Any CPU
		{3FEA1046-6CD2-4BEF-B84A-BBA0FDA72445}.Debug|Any CPU.Build.0 = Debug|Any CPU
		{3FEA1046-6CD2-4BEF-B84A-BBA0FDA72445}.Release|Any CPU.ActiveCfg = Release|Any CPU
		{3FEA1046-6CD2-4BEF-B84A-BBA0FDA72445}.Release|Any CPU.Build.0 = Release|Any CPU
	EndGlobalSection
	GlobalSection(SolutionProperties) = preSolution
		HideSolutionNode = FALSE
	EndGlobalSection
	GlobalSection(ExtensibilityGlobals) = postSolution
		SolutionGuid = {74E5A7A5-8C8B-4ABE-A040-263C1FD00ED4}
	EndGlobalSection
EndGlobal
